{
  "version": 4,
  "terraform_version": "1.9.5",
  "serial": 525,
  "lineage": "b49888a9-00ba-2c56-3377-1768c28c2a2f",
  "outputs": {},
  "resources": [
    {
      "module": "module.account",
      "mode": "managed",
      "type": "aws_iam_policy",
      "name": "administrator_assume_role_policy",
      "provider": "provider[\"registry.terraform.io/hashicorp/aws\"]",
      "instances": [
        {
          "schema_version": 0,
          "attributes": {
            "arn": "arn:aws:iam::039725305879:policy/AdministratorAssumeRolePolicy",
            "attachment_count": 0,
            "description": "Policy to allow assuming the AdministratorRole",
            "id": "arn:aws:iam::039725305879:policy/AdministratorAssumeRolePolicy",
            "name": "AdministratorAssumeRolePolicy",
            "name_prefix": "",
            "path": "/",
            "policy": "{\"Statement\":[{\"Action\":\"sts:AssumeRole\",\"Effect\":\"Allow\",\"Resource\":\"arn:aws:iam::039725305879:role/AdministratorRole\"}],\"Version\":\"2012-10-17\"}",
            "policy_id": "ANPAQSP6QCALWQ3D77WNJ",
            "tags": null,
            "tags_all": {}
          },
          "sensitive_attributes": [],
          "private": "bnVsbA==",
          "dependencies": [
            "module.account.aws_iam_role.AdministratorRole",
            "module.account.aws_iam_user.AdministratorUser"
          ]
        }
      ]
    },
    {
      "module": "module.account",
      "mode": "managed",
      "type": "aws_iam_policy",
      "name": "mfa_policy",
      "provider": "provider[\"registry.terraform.io/hashicorp/aws\"]",
      "instances": [
        {
          "schema_version": 0,
          "attributes": {
            "arn": "arn:aws:iam::039725305879:policy/MFASetupPolicy",
            "attachment_count": 0,
            "description": "Policy to allow MFA setup",
            "id": "arn:aws:iam::039725305879:policy/MFASetupPolicy",
            "name": "MFASetupPolicy",
            "name_prefix": "",
            "path": "/",
            "policy": "{\"Statement\":[{\"Action\":[\"iam:CreateVirtualMFADevice\",\"iam:EnableMFADevice\",\"iam:DeactivateMFADevice\",\"iam:DeleteVirtualMFADevice\",\"iam:ListMFADevices\",\"iam:ResyncMFADevice\",\"iam:ListUsers\"],\"Effect\":\"Allow\",\"Resource\":\"*\"},{\"Action\":[\"sts:GetSessionToken\"],\"Condition\":{\"Bool\":{\"aws:MultiFactorAuthPresent\":\"true\"}},\"Effect\":\"Allow\",\"Resource\":\"*\"}],\"Version\":\"2012-10-17\"}",
            "policy_id": "ANPAQSP6QCALXKJUGRDWA",
            "tags": null,
            "tags_all": {}
          },
          "sensitive_attributes": [],
          "private": "bnVsbA=="
        }
      ]
    },
    {
      "module": "module.account",
      "mode": "managed",
      "type": "aws_iam_policy",
      "name": "watcher_assume_role_policy",
      "provider": "provider[\"registry.terraform.io/hashicorp/aws\"]",
      "instances": [
        {
          "schema_version": 0,
          "attributes": {
            "arn": "arn:aws:iam::039725305879:policy/WatcherAssumeRolePolicy",
            "attachment_count": 0,
            "description": "Policy to allow assuming the WatcherRole",
            "id": "arn:aws:iam::039725305879:policy/WatcherAssumeRolePolicy",
            "name": "WatcherAssumeRolePolicy",
            "name_prefix": "",
            "path": "/",
            "policy": "{\"Statement\":[{\"Action\":\"sts:AssumeRole\",\"Effect\":\"Allow\",\"Resource\":\"arn:aws:iam::039725305879:role/WatcherRole\"}],\"Version\":\"2012-10-17\"}",
            "policy_id": "ANPAQSP6QCALQAV5P2EWI",
            "tags": null,
            "tags_all": {}
          },
          "sensitive_attributes": [],
          "private": "bnVsbA==",
          "dependencies": [
            "module.account.aws_iam_role.WatcherRole",
            "module.account.aws_iam_user.WatcherUser"
          ]
        }
      ]
    },
    {
      "module": "module.account",
      "mode": "managed",
      "type": "aws_iam_role",
      "name": "AdministratorRole",
      "provider": "provider[\"registry.terraform.io/hashicorp/aws\"]",
      "instances": [
        {
          "schema_version": 0,
          "attributes": {
            "arn": "arn:aws:iam::039725305879:role/AdministratorRole",
            "assume_role_policy": "{\"Statement\":[{\"Action\":\"sts:AssumeRole\",\"Condition\":{\"Bool\":{\"aws:MultiFactorAuthPresent\":\"true\"}},\"Effect\":\"Allow\",\"Principal\":{\"AWS\":\"arn:aws:iam::039725305879:user/Administrator\"}}],\"Version\":\"2012-10-17\"}",
            "create_date": "2024-09-23T09:51:11Z",
            "description": "",
            "force_detach_policies": false,
            "id": "AdministratorRole",
            "inline_policy": [],
            "managed_policy_arns": [],
            "max_session_duration": 3600,
            "name": "AdministratorRole",
            "name_prefix": "",
            "path": "/",
            "permissions_boundary": "",
            "tags": null,
            "tags_all": {},
            "unique_id": "AROAQSP6QCALQYJNNTDR3"
          },
          "sensitive_attributes": [],
          "private": "bnVsbA==",
          "dependencies": [
            "module.account.aws_iam_user.AdministratorUser"
          ]
        }
      ]
    },
    {
      "module": "module.account",
      "mode": "managed",
      "type": "aws_iam_role",
      "name": "WatcherRole",
      "provider": "provider[\"registry.terraform.io/hashicorp/aws\"]",
      "instances": [
        {
          "schema_version": 0,
          "attributes": {
            "arn": "arn:aws:iam::039725305879:role/WatcherRole",
            "assume_role_policy": "{\"Statement\":[{\"Action\":\"sts:AssumeRole\",\"Condition\":{\"Bool\":{\"aws:MultiFactorAuthPresent\":\"true\"}},\"Effect\":\"Allow\",\"Principal\":{\"AWS\":\"arn:aws:iam::039725305879:user/Watcher\"}}],\"Version\":\"2012-10-17\"}",
            "create_date": "2024-09-23T09:51:11Z",
            "description": "",
            "force_detach_policies": false,
            "id": "WatcherRole",
            "inline_policy": [],
            "managed_policy_arns": [],
            "max_session_duration": 3600,
            "name": "WatcherRole",
            "name_prefix": "",
            "path": "/",
            "permissions_boundary": "",
            "tags": null,
            "tags_all": {},
            "unique_id": "AROAQSP6QCAL3ZZOOUFG5"
          },
          "sensitive_attributes": [],
          "private": "bnVsbA==",
          "dependencies": [
            "module.account.aws_iam_user.WatcherUser"
          ]
        }
      ]
    },
    {
      "module": "module.account",
      "mode": "managed",
      "type": "aws_iam_role_policy_attachment",
      "name": "admin_role_policy_attachment",
      "provider": "provider[\"registry.terraform.io/hashicorp/aws\"]",
      "instances": [
        {
          "schema_version": 0,
          "attributes": {
            "id": "AdministratorRole-20240923095107770200000003",
            "policy_arn": "arn:aws:iam::aws:policy/AdministratorAccess",
            "role": "AdministratorRole"
          },
          "sensitive_attributes": [],
          "private": "bnVsbA==",
          "dependencies": [
            "module.account.aws_iam_role.AdministratorRole",
            "module.account.aws_iam_user.AdministratorUser"
          ]
        }
      ]
    },
    {
      "module": "module.account",
      "mode": "managed",
      "type": "aws_iam_role_policy_attachment",
      "name": "watch_role_policy_attachment",
      "provider": "provider[\"registry.terraform.io/hashicorp/aws\"]",
      "instances": [
        {
          "schema_version": 0,
          "attributes": {
            "id": "WatcherRole-20240923095108291200000004",
            "policy_arn": "arn:aws:iam::aws:policy/ReadOnlyAccess",
            "role": "WatcherRole"
          },
          "sensitive_attributes": [],
          "private": "bnVsbA==",
          "dependencies": [
            "module.account.aws_iam_role.WatcherRole",
            "module.account.aws_iam_user.WatcherUser"
          ]
        }
      ]
    },
    {
      "module": "module.account",
      "mode": "managed",
      "type": "aws_iam_user",
      "name": "AdministratorUser",
      "provider": "provider[\"registry.terraform.io/hashicorp/aws\"]",
      "instances": [
        {
          "schema_version": 0,
          "attributes": {
            "arn": "arn:aws:iam::039725305879:user/Administrator",
            "force_destroy": false,
            "id": "Administrator",
            "name": "Administrator",
            "path": "/",
            "permissions_boundary": "",
            "tags": null,
            "tags_all": {},
            "unique_id": "AIDAQSP6QCALRUGRLHUBR"
          },
          "sensitive_attributes": [],
          "private": "bnVsbA=="
        }
      ]
    },
    {
      "module": "module.account",
      "mode": "managed",
      "type": "aws_iam_user",
      "name": "WatcherUser",
      "provider": "provider[\"registry.terraform.io/hashicorp/aws\"]",
      "instances": [
        {
          "schema_version": 0,
          "attributes": {
            "arn": "arn:aws:iam::039725305879:user/Watcher",
            "force_destroy": false,
            "id": "Watcher",
            "name": "Watcher",
            "path": "/",
            "permissions_boundary": "",
            "tags": null,
            "tags_all": {},
            "unique_id": "AIDAQSP6QCALQHXIWHX6A"
          },
          "sensitive_attributes": [],
          "private": "bnVsbA=="
        }
      ]
    },
    {
      "module": "module.account",
      "mode": "managed",
      "type": "aws_iam_user_policy_attachment",
      "name": "administrator_assume_role_policy_attachment",
      "provider": "provider[\"registry.terraform.io/hashicorp/aws\"]",
      "instances": [
        {
          "schema_version": 0,
          "attributes": {
            "id": "Administrator-20240923095108621600000005",
            "policy_arn": "arn:aws:iam::039725305879:policy/AdministratorAssumeRolePolicy",
            "user": "Administrator"
          },
          "sensitive_attributes": [],
          "private": "bnVsbA==",
          "dependencies": [
            "module.account.aws_iam_policy.administrator_assume_role_policy",
            "module.account.aws_iam_role.AdministratorRole",
            "module.account.aws_iam_user.AdministratorUser"
          ]
        }
      ]
    },
    {
      "module": "module.account",
      "mode": "managed",
      "type": "aws_iam_user_policy_attachment",
      "name": "administrator_mfa_policy_attachment",
      "provider": "provider[\"registry.terraform.io/hashicorp/aws\"]",
      "instances": [
        {
          "schema_version": 0,
          "attributes": {
            "id": "Administrator-20240923095057540100000001",
            "policy_arn": "arn:aws:iam::039725305879:policy/MFASetupPolicy",
            "user": "Administrator"
          },
          "sensitive_attributes": [],
          "private": "bnVsbA==",
          "dependencies": [
            "module.account.aws_iam_policy.mfa_policy",
            "module.account.aws_iam_user.AdministratorUser"
          ]
        }
      ]
    },
    {
      "module": "module.account",
      "mode": "managed",
      "type": "aws_iam_user_policy_attachment",
      "name": "watcher_assume_role_policy_attachment",
      "provider": "provider[\"registry.terraform.io/hashicorp/aws\"]",
      "instances": [
        {
          "schema_version": 0,
          "attributes": {
            "id": "Watcher-20240923095108985200000006",
            "policy_arn": "arn:aws:iam::039725305879:policy/WatcherAssumeRolePolicy",
            "user": "Watcher"
          },
          "sensitive_attributes": [],
          "private": "bnVsbA==",
          "dependencies": [
            "module.account.aws_iam_policy.watcher_assume_role_policy",
            "module.account.aws_iam_role.WatcherRole",
            "module.account.aws_iam_user.WatcherUser"
          ]
        }
      ]
    },
    {
      "module": "module.account",
      "mode": "managed",
      "type": "aws_iam_user_policy_attachment",
      "name": "watcher_mfa_policy_attachment",
      "provider": "provider[\"registry.terraform.io/hashicorp/aws\"]",
      "instances": [
        {
          "schema_version": 0,
          "attributes": {
            "id": "Watcher-20240923095057762900000002",
            "policy_arn": "arn:aws:iam::039725305879:policy/MFASetupPolicy",
            "user": "Watcher"
          },
          "sensitive_attributes": [],
          "private": "bnVsbA==",
          "dependencies": [
            "module.account.aws_iam_policy.mfa_policy",
            "module.account.aws_iam_user.WatcherUser"
          ]
        }
      ]
    },
    {
      "module": "module.application",
      "mode": "managed",
      "type": "aws_internet_gateway",
      "name": "gw",
      "provider": "provider[\"registry.terraform.io/hashicorp/aws\"]",
      "instances": [
        {
          "schema_version": 0,
          "attributes": {
            "arn": "arn:aws:ec2:ap-northeast-1:039725305879:internet-gateway/igw-06f37cda18c036c30",
            "id": "igw-06f37cda18c036c30",
            "owner_id": "039725305879",
            "tags": {
              "Name": "igw"
            },
            "tags_all": {
              "Name": "igw"
            },
            "timeouts": null,
            "vpc_id": "vpc-09ecc89cb4799bb4b"
          },
          "sensitive_attributes": [],
          "private": "eyJlMmJmYjczMC1lY2FhLTExZTYtOGY4OC0zNDM2M2JjN2M0YzAiOnsiY3JlYXRlIjoxMjAwMDAwMDAwMDAwLCJkZWxldGUiOjEyMDAwMDAwMDAwMDAsInVwZGF0ZSI6MTIwMDAwMDAwMDAwMH19",
          "dependencies": [
            "module.application.aws_vpc.main"
          ]
        }
      ]
    },
    {
      "module": "module.application",
      "mode": "managed",
      "type": "aws_route_table",
      "name": "private",
      "provider": "provider[\"registry.terraform.io/hashicorp/aws\"]",
      "instances": [
        {
          "schema_version": 0,
          "attributes": {
            "arn": "arn:aws:ec2:ap-northeast-1:039725305879:route-table/rtb-06321bd28f75d3408",
            "id": "rtb-06321bd28f75d3408",
            "owner_id": "039725305879",
            "propagating_vgws": [],
            "route": [],
            "tags": {
              "Name": "private-route-table"
            },
            "tags_all": {
              "Name": "private-route-table"
            },
            "timeouts": null,
            "vpc_id": "vpc-09ecc89cb4799bb4b"
          },
          "sensitive_attributes": [],
          "private": "eyJlMmJmYjczMC1lY2FhLTExZTYtOGY4OC0zNDM2M2JjN2M0YzAiOnsiY3JlYXRlIjozMDAwMDAwMDAwMDAsImRlbGV0ZSI6MzAwMDAwMDAwMDAwLCJ1cGRhdGUiOjEyMDAwMDAwMDAwMH19",
          "dependencies": [
            "module.application.aws_vpc.main"
          ]
        }
      ]
    },
    {
      "module": "module.application",
      "mode": "managed",
      "type": "aws_route_table",
      "name": "public",
      "provider": "provider[\"registry.terraform.io/hashicorp/aws\"]",
      "instances": [
        {
          "schema_version": 0,
          "attributes": {
            "arn": "arn:aws:ec2:ap-northeast-1:039725305879:route-table/rtb-0c6a5f2e781e2685a",
            "id": "rtb-0c6a5f2e781e2685a",
            "owner_id": "039725305879",
            "propagating_vgws": [],
            "route": [
              {
                "carrier_gateway_id": "",
                "cidr_block": "0.0.0.0/0",
                "core_network_arn": "",
                "destination_prefix_list_id": "",
                "egress_only_gateway_id": "",
                "gateway_id": "igw-06f37cda18c036c30",
                "ipv6_cidr_block": "",
                "local_gateway_id": "",
                "nat_gateway_id": "",
                "network_interface_id": "",
                "transit_gateway_id": "",
                "vpc_endpoint_id": "",
                "vpc_peering_connection_id": ""
              }
            ],
            "tags": {
              "Name": "my-public-route-table"
            },
            "tags_all": {
              "Name": "my-public-route-table"
            },
            "timeouts": null,
            "vpc_id": "vpc-09ecc89cb4799bb4b"
          },
          "sensitive_attributes": [],
          "private": "eyJlMmJmYjczMC1lY2FhLTExZTYtOGY4OC0zNDM2M2JjN2M0YzAiOnsiY3JlYXRlIjozMDAwMDAwMDAwMDAsImRlbGV0ZSI6MzAwMDAwMDAwMDAwLCJ1cGRhdGUiOjEyMDAwMDAwMDAwMH19",
          "dependencies": [
            "module.application.aws_internet_gateway.gw",
            "module.application.aws_vpc.main"
          ]
        }
      ]
    },
    {
      "module": "module.application",
      "mode": "managed",
      "type": "aws_route_table_association",
      "name": "private",
      "provider": "provider[\"registry.terraform.io/hashicorp/aws\"]",
      "instances": [
        {
          "schema_version": 0,
          "attributes": {
            "gateway_id": "",
            "id": "rtbassoc-0ed45e46cd4c8cf9d",
            "route_table_id": "rtb-06321bd28f75d3408",
            "subnet_id": "subnet-02f27d754fe5c8dc2",
            "timeouts": null
          },
          "sensitive_attributes": [],
          "private": "eyJlMmJmYjczMC1lY2FhLTExZTYtOGY4OC0zNDM2M2JjN2M0YzAiOnsiY3JlYXRlIjozMDAwMDAwMDAwMDAsImRlbGV0ZSI6MzAwMDAwMDAwMDAwLCJ1cGRhdGUiOjEyMDAwMDAwMDAwMH19",
          "dependencies": [
            "module.application.aws_route_table.private",
            "module.application.aws_subnet.private",
            "module.application.aws_vpc.main"
          ]
        }
      ]
    },
    {
      "module": "module.application",
      "mode": "managed",
      "type": "aws_route_table_association",
      "name": "public",
      "provider": "provider[\"registry.terraform.io/hashicorp/aws\"]",
      "instances": [
        {
          "schema_version": 0,
          "attributes": {
            "gateway_id": "",
            "id": "rtbassoc-0169663e3e1927c1b",
            "route_table_id": "rtb-0c6a5f2e781e2685a",
            "subnet_id": "subnet-0563917254a07536f",
            "timeouts": null
          },
          "sensitive_attributes": [],
          "private": "eyJlMmJmYjczMC1lY2FhLTExZTYtOGY4OC0zNDM2M2JjN2M0YzAiOnsiY3JlYXRlIjozMDAwMDAwMDAwMDAsImRlbGV0ZSI6MzAwMDAwMDAwMDAwLCJ1cGRhdGUiOjEyMDAwMDAwMDAwMH19",
          "dependencies": [
            "module.application.aws_internet_gateway.gw",
            "module.application.aws_route_table.public",
            "module.application.aws_subnet.public",
            "module.application.aws_vpc.main"
          ]
        }
      ]
    },
    {
      "module": "module.application",
      "mode": "managed",
      "type": "aws_security_group",
      "name": "allow_http",
      "provider": "provider[\"registry.terraform.io/hashicorp/aws\"]",
      "instances": [
        {
          "schema_version": 1,
          "attributes": {
            "arn": "arn:aws:ec2:ap-northeast-1:039725305879:security-group/sg-0759210d7e5703248",
            "description": "Managed by Terraform",
            "egress": [
              {
                "cidr_blocks": [
                  "0.0.0.0/0"
                ],
                "description": "",
                "from_port": 0,
                "ipv6_cidr_blocks": [],
                "prefix_list_ids": [],
                "protocol": "-1",
                "security_groups": [],
                "self": false,
                "to_port": 0
              }
            ],
            "id": "sg-0759210d7e5703248",
            "ingress": [
              {
                "cidr_blocks": [
                  "0.0.0.0/0"
                ],
                "description": "",
                "from_port": 80,
                "ipv6_cidr_blocks": [],
                "prefix_list_ids": [],
                "protocol": "tcp",
                "security_groups": [],
                "self": false,
                "to_port": 80
              }
            ],
            "name": "allow_http",
            "name_prefix": "",
            "owner_id": "039725305879",
            "revoke_rules_on_delete": false,
            "tags": {
              "Name": "allow_http"
            },
            "tags_all": {
              "Name": "allow_http"
            },
            "timeouts": null,
            "vpc_id": "vpc-09ecc89cb4799bb4b"
          },
          "sensitive_attributes": [],
          "private": "eyJlMmJmYjczMC1lY2FhLTExZTYtOGY4OC0zNDM2M2JjN2M0YzAiOnsiY3JlYXRlIjo2MDAwMDAwMDAwMDAsImRlbGV0ZSI6OTAwMDAwMDAwMDAwfSwic2NoZW1hX3ZlcnNpb24iOiIxIn0=",
          "dependencies": [
            "module.application.aws_vpc.main"
          ]
        }
      ]
    },
    {
      "module": "module.application",
      "mode": "managed",
      "type": "aws_subnet",
      "name": "private",
      "provider": "provider[\"registry.terraform.io/hashicorp/aws\"]",
      "instances": [
        {
          "schema_version": 1,
          "attributes": {
            "arn": "arn:aws:ec2:ap-northeast-1:039725305879:subnet/subnet-02f27d754fe5c8dc2",
            "assign_ipv6_address_on_creation": false,
            "availability_zone": "ap-northeast-1a",
            "availability_zone_id": "apne1-az4",
            "cidr_block": "10.0.2.0/24",
            "customer_owned_ipv4_pool": "",
            "enable_dns64": false,
            "enable_lni_at_device_index": 0,
            "enable_resource_name_dns_a_record_on_launch": false,
            "enable_resource_name_dns_aaaa_record_on_launch": false,
            "id": "subnet-02f27d754fe5c8dc2",
            "ipv6_cidr_block": "",
            "ipv6_cidr_block_association_id": "",
            "ipv6_native": false,
            "map_customer_owned_ip_on_launch": false,
            "map_public_ip_on_launch": false,
            "outpost_arn": "",
            "owner_id": "039725305879",
            "private_dns_hostname_type_on_launch": "ip-name",
            "tags": {
              "Name": "private-subnet"
            },
            "tags_all": {
              "Name": "private-subnet"
            },
            "timeouts": null,
            "vpc_id": "vpc-09ecc89cb4799bb4b"
          },
          "sensitive_attributes": [],
          "private": "eyJlMmJmYjczMC1lY2FhLTExZTYtOGY4OC0zNDM2M2JjN2M0YzAiOnsiY3JlYXRlIjo2MDAwMDAwMDAwMDAsImRlbGV0ZSI6MTIwMDAwMDAwMDAwMH0sInNjaGVtYV92ZXJzaW9uIjoiMSJ9",
          "dependencies": [
            "module.application.aws_vpc.main"
          ]
        }
      ]
    },
    {
      "module": "module.application",
      "mode": "managed",
      "type": "aws_subnet",
      "name": "public",
      "provider": "provider[\"registry.terraform.io/hashicorp/aws\"]",
      "instances": [
        {
          "schema_version": 1,
          "attributes": {
            "arn": "arn:aws:ec2:ap-northeast-1:039725305879:subnet/subnet-0563917254a07536f",
            "assign_ipv6_address_on_creation": false,
            "availability_zone": "ap-northeast-1a",
            "availability_zone_id": "apne1-az4",
            "cidr_block": "10.0.1.0/24",
            "customer_owned_ipv4_pool": "",
            "enable_dns64": false,
            "enable_lni_at_device_index": 0,
            "enable_resource_name_dns_a_record_on_launch": false,
            "enable_resource_name_dns_aaaa_record_on_launch": false,
            "id": "subnet-0563917254a07536f",
            "ipv6_cidr_block": "",
            "ipv6_cidr_block_association_id": "",
            "ipv6_native": false,
            "map_customer_owned_ip_on_launch": false,
            "map_public_ip_on_launch": true,
            "outpost_arn": "",
            "owner_id": "039725305879",
            "private_dns_hostname_type_on_launch": "ip-name",
            "tags": {
              "Name": "public-subnet"
            },
            "tags_all": {
              "Name": "public-subnet"
            },
            "timeouts": null,
            "vpc_id": "vpc-09ecc89cb4799bb4b"
          },
          "sensitive_attributes": [],
          "private": "eyJlMmJmYjczMC1lY2FhLTExZTYtOGY4OC0zNDM2M2JjN2M0YzAiOnsiY3JlYXRlIjo2MDAwMDAwMDAwMDAsImRlbGV0ZSI6MTIwMDAwMDAwMDAwMH0sInNjaGVtYV92ZXJzaW9uIjoiMSJ9",
          "dependencies": [
            "module.application.aws_vpc.main"
          ]
        }
      ]
    },
    {
      "module": "module.application",
      "mode": "managed",
      "type": "aws_vpc",
      "name": "main",
      "provider": "provider[\"registry.terraform.io/hashicorp/aws\"]",
      "instances": [
        {
          "schema_version": 1,
          "attributes": {
            "arn": "arn:aws:ec2:ap-northeast-1:039725305879:vpc/vpc-09ecc89cb4799bb4b",
            "assign_generated_ipv6_cidr_block": false,
            "cidr_block": "10.0.0.0/16",
            "default_network_acl_id": "acl-0ac07b239e305f5e4",
            "default_route_table_id": "rtb-00ea44a0c34f66a16",
            "default_security_group_id": "sg-03cc7b058c49b0fee",
            "dhcp_options_id": "dopt-056a5a4431e51c90d",
            "enable_dns_hostnames": true,
            "enable_dns_support": true,
            "enable_network_address_usage_metrics": false,
            "id": "vpc-09ecc89cb4799bb4b",
            "instance_tenancy": "default",
            "ipv4_ipam_pool_id": null,
            "ipv4_netmask_length": null,
            "ipv6_association_id": "",
            "ipv6_cidr_block": "",
            "ipv6_cidr_block_network_border_group": "",
            "ipv6_ipam_pool_id": "",
            "ipv6_netmask_length": 0,
            "main_route_table_id": "rtb-00ea44a0c34f66a16",
            "owner_id": "039725305879",
            "tags": {
              "Name": "food-app-vpc"
            },
            "tags_all": {
              "Name": "food-app-vpc"
            }
          },
          "sensitive_attributes": [],
          "private": "eyJzY2hlbWFfdmVyc2lvbiI6IjEifQ=="
        }
      ]
    },
    {
      "module": "module.application",
      "mode": "managed",
      "type": "aws_vpc_endpoint",
      "name": "api_gateway",
      "provider": "provider[\"registry.terraform.io/hashicorp/aws\"]",
      "instances": [
        {
          "schema_version": 0,
          "attributes": {
            "arn": "arn:aws:ec2:ap-northeast-1:039725305879:vpc-endpoint/vpce-0e5e798bfd0a0f71f",
            "auto_accept": null,
            "cidr_blocks": [],
            "dns_entry": [
              {
                "dns_name": "vpce-0e5e798bfd0a0f71f-z062ejwn.execute-api.ap-northeast-1.vpce.amazonaws.com",
                "hosted_zone_id": "Z2E726K9Y6RL4W"
              },
              {
                "dns_name": "vpce-0e5e798bfd0a0f71f-z062ejwn-ap-northeast-1a.execute-api.ap-northeast-1.vpce.amazonaws.com",
                "hosted_zone_id": "Z2E726K9Y6RL4W"
              }
            ],
            "dns_options": [
              {
                "dns_record_ip_type": "ipv4",
                "private_dns_only_for_inbound_resolver_endpoint": false
              }
            ],
            "id": "vpce-0e5e798bfd0a0f71f",
            "ip_address_type": "ipv4",
            "network_interface_ids": [
              "eni-0e04dc319f57b0e68"
            ],
            "owner_id": "039725305879",
            "policy": "{\"Statement\":[{\"Action\":\"*\",\"Effect\":\"Allow\",\"Principal\":\"*\",\"Resource\":\"*\"}]}",
            "prefix_list_id": null,
            "private_dns_enabled": false,
            "requester_managed": false,
            "route_table_ids": [],
            "security_group_ids": [
              "sg-0759210d7e5703248"
            ],
            "service_name": "com.amazonaws.ap-northeast-1.execute-api",
            "state": "available",
            "subnet_configuration": [
              {
                "ipv4": "10.0.2.49",
                "ipv6": "",
                "subnet_id": "subnet-02f27d754fe5c8dc2"
              }
            ],
            "subnet_ids": [
              "subnet-02f27d754fe5c8dc2"
            ],
            "tags": {
              "Name": "api-gateway-endpoint"
            },
            "tags_all": {
              "Name": "api-gateway-endpoint"
            },
            "timeouts": null,
            "vpc_endpoint_type": "Interface",
            "vpc_id": "vpc-09ecc89cb4799bb4b"
          },
          "sensitive_attributes": [],
          "private": "eyJlMmJmYjczMC1lY2FhLTExZTYtOGY4OC0zNDM2M2JjN2M0YzAiOnsiY3JlYXRlIjo2MDAwMDAwMDAwMDAsImRlbGV0ZSI6NjAwMDAwMDAwMDAwLCJ1cGRhdGUiOjYwMDAwMDAwMDAwMH19",
          "dependencies": [
            "module.application.aws_security_group.allow_http",
            "module.application.aws_subnet.private",
            "module.application.aws_vpc.main"
          ]
        }
      ]
    },
    {
      "module": "module.application",
      "mode": "managed",
      "type": "aws_vpc_endpoint",
      "name": "cloudwatch",
      "provider": "provider[\"registry.terraform.io/hashicorp/aws\"]",
      "instances": [
        {
          "schema_version": 0,
          "attributes": {
            "arn": "arn:aws:ec2:ap-northeast-1:039725305879:vpc-endpoint/vpce-0f34a4238da83492b",
            "auto_accept": null,
            "cidr_blocks": [],
            "dns_entry": [
              {
                "dns_name": "vpce-0f34a4238da83492b-ycqvr6zk.monitoring.ap-northeast-1.vpce.amazonaws.com",
                "hosted_zone_id": "Z2E726K9Y6RL4W"
              },
              {
                "dns_name": "vpce-0f34a4238da83492b-ycqvr6zk-ap-northeast-1a.monitoring.ap-northeast-1.vpce.amazonaws.com",
                "hosted_zone_id": "Z2E726K9Y6RL4W"
              }
            ],
            "dns_options": [
              {
                "dns_record_ip_type": "ipv4",
                "private_dns_only_for_inbound_resolver_endpoint": false
              }
            ],
            "id": "vpce-0f34a4238da83492b",
            "ip_address_type": "ipv4",
            "network_interface_ids": [
              "eni-0e654018ccf3ad3d4"
            ],
            "owner_id": "039725305879",
            "policy": "{\"Statement\":[{\"Action\":\"*\",\"Effect\":\"Allow\",\"Principal\":\"*\",\"Resource\":\"*\"}]}",
            "prefix_list_id": null,
            "private_dns_enabled": false,
            "requester_managed": false,
            "route_table_ids": [],
            "security_group_ids": [
              "sg-0759210d7e5703248"
            ],
            "service_name": "com.amazonaws.ap-northeast-1.monitoring",
            "state": "available",
            "subnet_configuration": [
              {
                "ipv4": "10.0.2.216",
                "ipv6": "",
                "subnet_id": "subnet-02f27d754fe5c8dc2"
              }
            ],
            "subnet_ids": [
              "subnet-02f27d754fe5c8dc2"
            ],
            "tags": {
              "Name": "cloudwatch-endpoint"
            },
            "tags_all": {
              "Name": "cloudwatch-endpoint"
            },
            "timeouts": null,
            "vpc_endpoint_type": "Interface",
            "vpc_id": "vpc-09ecc89cb4799bb4b"
          },
          "sensitive_attributes": [],
          "private": "eyJlMmJmYjczMC1lY2FhLTExZTYtOGY4OC0zNDM2M2JjN2M0YzAiOnsiY3JlYXRlIjo2MDAwMDAwMDAwMDAsImRlbGV0ZSI6NjAwMDAwMDAwMDAwLCJ1cGRhdGUiOjYwMDAwMDAwMDAwMH19",
          "dependencies": [
            "module.application.aws_security_group.allow_http",
            "module.application.aws_subnet.private",
            "module.application.aws_vpc.main"
          ]
        }
      ]
    },
    {
      "module": "module.application",
      "mode": "managed",
      "type": "aws_vpc_endpoint",
      "name": "ecr",
      "provider": "provider[\"registry.terraform.io/hashicorp/aws\"]",
      "instances": [
        {
          "schema_version": 0,
          "attributes": {
            "arn": "arn:aws:ec2:ap-northeast-1:039725305879:vpc-endpoint/vpce-08f5c007f680cb0b4",
            "auto_accept": null,
            "cidr_blocks": [],
            "dns_entry": [
              {
                "dns_name": "vpce-08f5c007f680cb0b4-te6lpswk.api.ecr.ap-northeast-1.vpce.amazonaws.com",
                "hosted_zone_id": "Z2E726K9Y6RL4W"
              },
              {
                "dns_name": "vpce-08f5c007f680cb0b4-te6lpswk-ap-northeast-1a.api.ecr.ap-northeast-1.vpce.amazonaws.com",
                "hosted_zone_id": "Z2E726K9Y6RL4W"
              }
            ],
            "dns_options": [
              {
                "dns_record_ip_type": "ipv4",
                "private_dns_only_for_inbound_resolver_endpoint": false
              }
            ],
            "id": "vpce-08f5c007f680cb0b4",
            "ip_address_type": "ipv4",
            "network_interface_ids": [
              "eni-06e74c3acaf56a4b9"
            ],
            "owner_id": "039725305879",
            "policy": "{\"Statement\":[{\"Action\":\"*\",\"Effect\":\"Allow\",\"Principal\":\"*\",\"Resource\":\"*\"}]}",
            "prefix_list_id": null,
            "private_dns_enabled": false,
            "requester_managed": false,
            "route_table_ids": [],
            "security_group_ids": [
              "sg-0759210d7e5703248"
            ],
            "service_name": "com.amazonaws.ap-northeast-1.ecr.api",
            "state": "available",
            "subnet_configuration": [
              {
                "ipv4": "10.0.2.143",
                "ipv6": "",
                "subnet_id": "subnet-02f27d754fe5c8dc2"
              }
            ],
            "subnet_ids": [
              "subnet-02f27d754fe5c8dc2"
            ],
            "tags": {
              "Name": "ecr-endpoint"
            },
            "tags_all": {
              "Name": "ecr-endpoint"
            },
            "timeouts": null,
            "vpc_endpoint_type": "Interface",
            "vpc_id": "vpc-09ecc89cb4799bb4b"
          },
          "sensitive_attributes": [],
          "private": "eyJlMmJmYjczMC1lY2FhLTExZTYtOGY4OC0zNDM2M2JjN2M0YzAiOnsiY3JlYXRlIjo2MDAwMDAwMDAwMDAsImRlbGV0ZSI6NjAwMDAwMDAwMDAwLCJ1cGRhdGUiOjYwMDAwMDAwMDAwMH19",
          "dependencies": [
            "module.application.aws_security_group.allow_http",
            "module.application.aws_subnet.private",
            "module.application.aws_vpc.main"
          ]
        }
      ]
    },
    {
      "module": "module.application",
      "mode": "managed",
      "type": "aws_vpc_endpoint",
      "name": "lambda",
      "provider": "provider[\"registry.terraform.io/hashicorp/aws\"]",
      "instances": [
        {
          "schema_version": 0,
          "attributes": {
            "arn": "arn:aws:ec2:ap-northeast-1:039725305879:vpc-endpoint/vpce-07411cc3446a579fc",
            "auto_accept": null,
            "cidr_blocks": [],
            "dns_entry": [
              {
                "dns_name": "vpce-07411cc3446a579fc-zcp4e6df.lambda.ap-northeast-1.vpce.amazonaws.com",
                "hosted_zone_id": "Z2E726K9Y6RL4W"
              },
              {
                "dns_name": "vpce-07411cc3446a579fc-zcp4e6df-ap-northeast-1a.lambda.ap-northeast-1.vpce.amazonaws.com",
                "hosted_zone_id": "Z2E726K9Y6RL4W"
              }
            ],
            "dns_options": [
              {
                "dns_record_ip_type": "ipv4",
                "private_dns_only_for_inbound_resolver_endpoint": false
              }
            ],
            "id": "vpce-07411cc3446a579fc",
            "ip_address_type": "ipv4",
            "network_interface_ids": [
              "eni-0b494491a2c01c81f"
            ],
            "owner_id": "039725305879",
            "policy": "{\"Statement\":[{\"Action\":\"*\",\"Effect\":\"Allow\",\"Principal\":\"*\",\"Resource\":\"*\"}]}",
            "prefix_list_id": null,
            "private_dns_enabled": false,
            "requester_managed": false,
            "route_table_ids": [],
            "security_group_ids": [
              "sg-0759210d7e5703248"
            ],
            "service_name": "com.amazonaws.ap-northeast-1.lambda",
            "state": "available",
            "subnet_configuration": [
              {
                "ipv4": "10.0.2.137",
                "ipv6": "",
                "subnet_id": "subnet-02f27d754fe5c8dc2"
              }
            ],
            "subnet_ids": [
              "subnet-02f27d754fe5c8dc2"
            ],
            "tags": {
              "Name": "lambda-endpoint"
            },
            "tags_all": {
              "Name": "lambda-endpoint"
            },
            "timeouts": null,
            "vpc_endpoint_type": "Interface",
            "vpc_id": "vpc-09ecc89cb4799bb4b"
          },
          "sensitive_attributes": [],
          "private": "eyJlMmJmYjczMC1lY2FhLTExZTYtOGY4OC0zNDM2M2JjN2M0YzAiOnsiY3JlYXRlIjo2MDAwMDAwMDAwMDAsImRlbGV0ZSI6NjAwMDAwMDAwMDAwLCJ1cGRhdGUiOjYwMDAwMDAwMDAwMH19",
          "dependencies": [
            "module.application.aws_security_group.allow_http",
            "module.application.aws_subnet.private",
            "module.application.aws_vpc.main"
          ]
        }
      ]
    },
    {
      "module": "module.application",
      "mode": "managed",
      "type": "aws_vpc_endpoint",
      "name": "rds",
      "provider": "provider[\"registry.terraform.io/hashicorp/aws\"]",
      "instances": [
        {
          "schema_version": 0,
          "attributes": {
            "arn": "arn:aws:ec2:ap-northeast-1:039725305879:vpc-endpoint/vpce-00bb046a933dacd5a",
            "auto_accept": null,
            "cidr_blocks": [],
            "dns_entry": [
              {
                "dns_name": "vpce-00bb046a933dacd5a-dls4iwxn.rds.ap-northeast-1.vpce.amazonaws.com",
                "hosted_zone_id": "Z2E726K9Y6RL4W"
              },
              {
                "dns_name": "vpce-00bb046a933dacd5a-dls4iwxn-ap-northeast-1a.rds.ap-northeast-1.vpce.amazonaws.com",
                "hosted_zone_id": "Z2E726K9Y6RL4W"
              }
            ],
            "dns_options": [
              {
                "dns_record_ip_type": "ipv4",
                "private_dns_only_for_inbound_resolver_endpoint": false
              }
            ],
            "id": "vpce-00bb046a933dacd5a",
            "ip_address_type": "ipv4",
            "network_interface_ids": [
              "eni-0ca81152166207b95"
            ],
            "owner_id": "039725305879",
            "policy": "{\"Statement\":[{\"Action\":\"*\",\"Effect\":\"Allow\",\"Principal\":\"*\",\"Resource\":\"*\"}]}",
            "prefix_list_id": null,
            "private_dns_enabled": false,
            "requester_managed": false,
            "route_table_ids": [],
            "security_group_ids": [
              "sg-0759210d7e5703248"
            ],
            "service_name": "com.amazonaws.ap-northeast-1.rds",
            "state": "available",
            "subnet_configuration": [
              {
                "ipv4": "10.0.2.23",
                "ipv6": "",
                "subnet_id": "subnet-02f27d754fe5c8dc2"
              }
            ],
            "subnet_ids": [
              "subnet-02f27d754fe5c8dc2"
            ],
            "tags": {
              "Name": "rds-endpoint"
            },
            "tags_all": {
              "Name": "rds-endpoint"
            },
            "timeouts": null,
            "vpc_endpoint_type": "Interface",
            "vpc_id": "vpc-09ecc89cb4799bb4b"
          },
          "sensitive_attributes": [],
          "private": "eyJlMmJmYjczMC1lY2FhLTExZTYtOGY4OC0zNDM2M2JjN2M0YzAiOnsiY3JlYXRlIjo2MDAwMDAwMDAwMDAsImRlbGV0ZSI6NjAwMDAwMDAwMDAwLCJ1cGRhdGUiOjYwMDAwMDAwMDAwMH19",
          "dependencies": [
            "module.application.aws_security_group.allow_http",
            "module.application.aws_subnet.private",
            "module.application.aws_vpc.main"
          ]
        }
      ]
    },
    {
      "module": "module.application",
      "mode": "managed",
      "type": "aws_vpc_endpoint",
      "name": "s3",
      "provider": "provider[\"registry.terraform.io/hashicorp/aws\"]",
      "instances": [
        {
          "schema_version": 0,
          "attributes": {
            "arn": "arn:aws:ec2:ap-northeast-1:039725305879:vpc-endpoint/vpce-055285f7445eb5494",
            "auto_accept": null,
            "cidr_blocks": [
              "3.5.152.0/21",
              "52.219.162.0/23",
              "52.219.0.0/20",
              "52.219.16.0/22",
              "52.219.196.0/22",
              "52.219.172.0/22",
              "52.219.195.0/24",
              "52.219.200.0/23",
              "52.219.150.0/23",
              "52.219.20.0/24",
              "52.219.152.0/22",
              "52.219.136.0/22",
              "52.219.68.0/22"
            ],
            "dns_entry": [],
            "dns_options": [],
            "id": "vpce-055285f7445eb5494",
            "ip_address_type": "",
            "network_interface_ids": [],
            "owner_id": "039725305879",
            "policy": "{\"Statement\":[{\"Action\":\"*\",\"Effect\":\"Allow\",\"Principal\":\"*\",\"Resource\":\"*\"}],\"Version\":\"2008-10-17\"}",
            "prefix_list_id": "pl-61a54008",
            "private_dns_enabled": false,
            "requester_managed": false,
            "route_table_ids": [
              "rtb-06321bd28f75d3408"
            ],
            "security_group_ids": [],
            "service_name": "com.amazonaws.ap-northeast-1.s3",
            "state": "available",
            "subnet_configuration": [],
            "subnet_ids": [],
            "tags": {
              "Name": "s3-endpoint"
            },
            "tags_all": {
              "Name": "s3-endpoint"
            },
            "timeouts": null,
            "vpc_endpoint_type": "Gateway",
            "vpc_id": "vpc-09ecc89cb4799bb4b"
          },
          "sensitive_attributes": [],
          "private": "eyJlMmJmYjczMC1lY2FhLTExZTYtOGY4OC0zNDM2M2JjN2M0YzAiOnsiY3JlYXRlIjo2MDAwMDAwMDAwMDAsImRlbGV0ZSI6NjAwMDAwMDAwMDAwLCJ1cGRhdGUiOjYwMDAwMDAwMDAwMH19",
          "dependencies": [
            "module.application.aws_route_table.private",
            "module.application.aws_vpc.main"
          ]
        }
      ]
    },
    {
      "module": "module.pipeline",
      "mode": "managed",
      "type": "aws_codebuild_project",
      "name": "food_app_deployer",
      "provider": "provider[\"registry.terraform.io/hashicorp/aws\"]",
      "instances": [
        {
          "schema_version": 0,
          "attributes": {
            "arn": "arn:aws:codebuild:ap-northeast-1:039725305879:project/food-app-deployer",
            "artifacts": [
              {
                "artifact_identifier": "",
                "bucket_owner_access": "",
                "encryption_disabled": false,
                "location": "",
                "name": "food-app-deployer",
                "namespace_type": "",
                "override_artifact_name": false,
                "packaging": "NONE",
                "path": "",
                "type": "CODEPIPELINE"
              }
            ],
            "badge_enabled": false,
            "badge_url": "",
            "build_batch_config": [],
            "build_timeout": 60,
            "cache": [
              {
                "location": "",
                "modes": [],
                "type": "NO_CACHE"
              }
            ],
            "concurrent_build_limit": 0,
            "description": "",
            "encryption_key": "arn:aws:kms:ap-northeast-1:039725305879:alias/aws/s3",
            "environment": [
              {
                "certificate": "",
                "compute_type": "BUILD_GENERAL1_SMALL",
                "environment_variable": [
                  {
                    "name": "ENV",
                    "type": "PLAINTEXT",
                    "value": "dev"
                  }
                ],
                "fleet": [],
                "image": "hashicorp/terraform:latest",
                "image_pull_credentials_type": "CODEBUILD",
                "privileged_mode": false,
                "registry_credential": [],
                "type": "LINUX_CONTAINER"
              }
            ],
            "file_system_locations": [],
            "id": "arn:aws:codebuild:ap-northeast-1:039725305879:project/food-app-deployer",
            "logs_config": [
              {
                "cloudwatch_logs": [
                  {
                    "group_name": "",
                    "status": "ENABLED",
                    "stream_name": ""
                  }
                ],
                "s3_logs": [
                  {
                    "bucket_owner_access": "",
                    "encryption_disabled": false,
                    "location": "",
                    "status": "DISABLED"
                  }
                ]
              }
            ],
            "name": "food-app-deployer",
            "project_visibility": "PRIVATE",
            "public_project_alias": "",
            "queued_timeout": 480,
            "resource_access_role": "",
            "secondary_artifacts": [],
            "secondary_source_version": [],
            "secondary_sources": [],
            "service_role": "arn:aws:iam::039725305879:role/CodeBuildRole",
            "source": [
              {
                "build_status_config": [],
                "buildspec": "infra/terraform/aws/buildspec/buildspec.yml",
                "git_clone_depth": 0,
                "git_submodules_config": [],
                "insecure_ssl": false,
                "location": "",
                "report_build_status": false,
                "type": "CODEPIPELINE"
              }
            ],
            "source_version": "",
            "tags": {},
            "tags_all": {},
            "vpc_config": []
          },
          "sensitive_attributes": [],
          "private": "bnVsbA==",
          "dependencies": [
            "module.pipeline.aws_iam_role.codebuild_role"
          ]
        }
      ]
    },
    {
      "module": "module.pipeline",
      "mode": "managed",
      "type": "aws_codepipeline",
      "name": "food_app_pipeline",
      "provider": "provider[\"registry.terraform.io/hashicorp/aws\"]",
      "instances": [
        {
          "schema_version": 0,
          "attributes": {
            "arn": "arn:aws:codepipeline:ap-northeast-1:039725305879:food-app-pipeline",
            "artifact_store": [
              {
                "encryption_key": [],
                "location": "food-app-artifact-bucket",
                "region": "",
                "type": "S3"
              }
            ],
            "execution_mode": "SUPERSEDED",
            "id": "food-app-pipeline",
            "name": "food-app-pipeline",
            "pipeline_type": "V1",
            "role_arn": "arn:aws:iam::039725305879:role/CodeBuildRole",
            "stage": [
              {
                "action": [
                  {
                    "category": "Source",
                    "configuration": {
                      "BranchName": "main",
                      "ConnectionArn": "arn:aws:codestar-connections:ap-northeast-1:039725305879:connection/b64b7320-98b7-495f-a25b-b9993f64f64b",
                      "FullRepositoryId": "tomdurry/food-app"
                    },
                    "input_artifacts": [],
                    "name": "SourceAction",
                    "namespace": "",
                    "output_artifacts": [
                      "source_output"
                    ],
                    "owner": "AWS",
                    "provider": "CodeStarSourceConnection",
                    "region": "",
                    "role_arn": "",
                    "run_order": 1,
                    "timeout_in_minutes": 0,
                    "version": "1"
                  }
                ],
                "name": "Source"
              },
              {
                "action": [
                  {
                    "category": "Build",
                    "configuration": {
                      "ProjectName": "food-app-deployer"
                    },
                    "input_artifacts": [
                      "source_output"
                    ],
                    "name": "BuildAction",
                    "namespace": "",
                    "output_artifacts": [
                      "build_output"
                    ],
                    "owner": "AWS",
                    "provider": "CodeBuild",
                    "region": "",
                    "role_arn": "",
                    "run_order": 1,
                    "timeout_in_minutes": 0,
                    "version": "1"
                  }
                ],
                "name": "Build"
              }
            ],
            "tags": {},
            "tags_all": {},
            "trigger": [],
            "variable": []
          },
          "sensitive_attributes": [],
          "private": "bnVsbA==",
          "dependencies": [
            "module.pipeline.aws_codebuild_project.food_app_deployer",
            "module.pipeline.aws_codestarconnections_connection.codestar_connection",
            "module.pipeline.aws_iam_role.codebuild_role",
            "module.pipeline.aws_s3_bucket.food_app_artifact_bucket"
          ]
        }
      ]
    },
    {
      "module": "module.pipeline",
      "mode": "managed",
      "type": "aws_codestarconnections_connection",
      "name": "codestar_connection",
      "provider": "provider[\"registry.terraform.io/hashicorp/aws\"]",
      "instances": [
        {
          "schema_version": 0,
          "attributes": {
            "arn": "arn:aws:codestar-connections:ap-northeast-1:039725305879:connection/b64b7320-98b7-495f-a25b-b9993f64f64b",
            "connection_status": "PENDING",
            "host_arn": "",
            "id": "arn:aws:codestar-connections:ap-northeast-1:039725305879:connection/b64b7320-98b7-495f-a25b-b9993f64f64b",
            "name": "GitHubConnection",
            "provider_type": "GitHub",
            "tags": {},
            "tags_all": {}
          },
          "sensitive_attributes": [],
          "private": "bnVsbA=="
        }
      ]
    },
    {
      "module": "module.pipeline",
      "mode": "managed",
      "type": "aws_iam_role",
      "name": "codebuild_role",
      "provider": "provider[\"registry.terraform.io/hashicorp/aws\"]",
      "instances": [
        {
          "schema_version": 0,
          "attributes": {
            "arn": "arn:aws:iam::039725305879:role/CodeBuildRole",
            "assume_role_policy": "{\"Statement\":[{\"Action\":\"sts:AssumeRole\",\"Effect\":\"Allow\",\"Principal\":{\"Service\":\"codebuild.amazonaws.com\"}},{\"Action\":\"sts:AssumeRole\",\"Effect\":\"Allow\",\"Principal\":{\"Service\":\"codepipeline.amazonaws.com\"}}],\"Version\":\"2012-10-17\"}",
            "create_date": "2024-09-23T09:46:19Z",
            "description": "",
            "force_detach_policies": false,
            "id": "CodeBuildRole",
            "inline_policy": [],
            "managed_policy_arns": [
              "arn:aws:iam::aws:policy/AdministratorAccess"
            ],
            "max_session_duration": 3600,
            "name": "CodeBuildRole",
            "name_prefix": "",
            "path": "/",
            "permissions_boundary": "",
            "tags": {},
            "tags_all": {},
            "unique_id": "AROAQSP6QCAL5OMP4CNFN"
          },
          "sensitive_attributes": [],
          "private": "bnVsbA=="
        }
      ]
    },
    {
      "module": "module.pipeline",
      "mode": "managed",
      "type": "aws_iam_role_policy_attachment",
      "name": "codebuild_admin_policy",
      "provider": "provider[\"registry.terraform.io/hashicorp/aws\"]",
      "instances": [
        {
          "schema_version": 0,
          "attributes": {
            "id": "CodeBuildRole-20240923094616547800000004",
            "policy_arn": "arn:aws:iam::aws:policy/AdministratorAccess",
            "role": "CodeBuildRole"
          },
          "sensitive_attributes": [],
          "private": "bnVsbA==",
          "dependencies": [
            "module.pipeline.aws_iam_role.codebuild_role"
          ]
        }
      ]
    },
    {
      "module": "module.pipeline",
      "mode": "managed",
      "type": "aws_s3_bucket",
      "name": "food_app_artifact_bucket",
      "provider": "provider[\"registry.terraform.io/hashicorp/aws\"]",
      "instances": [
        {
          "schema_version": 0,
          "attributes": {
            "acceleration_status": "",
            "acl": null,
            "arn": "arn:aws:s3:::food-app-artifact-bucket",
            "bucket": "food-app-artifact-bucket",
            "bucket_domain_name": "food-app-artifact-bucket.s3.amazonaws.com",
            "bucket_prefix": "",
            "bucket_regional_domain_name": "food-app-artifact-bucket.s3.ap-northeast-1.amazonaws.com",
            "cors_rule": [],
            "force_destroy": true,
            "grant": [
              {
                "id": "d9634f8ed88c8c0090f4d817d4f8585d75e3be0b02cf0011e77387811aabc513",
                "permissions": [
                  "FULL_CONTROL"
                ],
                "type": "CanonicalUser",
                "uri": ""
              }
            ],
            "hosted_zone_id": "Z2M4EHUR26P7ZW",
            "id": "food-app-artifact-bucket",
            "lifecycle_rule": [],
            "logging": [],
            "object_lock_configuration": [],
            "object_lock_enabled": false,
            "policy": "",
            "region": "ap-northeast-1",
            "replication_configuration": [],
            "request_payer": "BucketOwner",
            "server_side_encryption_configuration": [
              {
                "rule": [
                  {
                    "apply_server_side_encryption_by_default": [
                      {
                        "kms_master_key_id": "",
                        "sse_algorithm": "AES256"
                      }
                    ],
                    "bucket_key_enabled": false
                  }
                ]
              }
            ],
            "tags": {},
            "tags_all": {},
            "timeouts": null,
            "versioning": [
              {
                "enabled": false,
                "mfa_delete": false
              }
            ],
            "website": [],
            "website_domain": null,
            "website_endpoint": null
          },
          "sensitive_attributes": [],
          "private": "eyJlMmJmYjczMC1lY2FhLTExZTYtOGY4OC0zNDM2M2JjN2M0YzAiOnsiY3JlYXRlIjoxMjAwMDAwMDAwMDAwLCJkZWxldGUiOjM2MDAwMDAwMDAwMDAsInJlYWQiOjEyMDAwMDAwMDAwMDAsInVwZGF0ZSI6MTIwMDAwMDAwMDAwMH19"
        }
      ]
    },
    {
      "module": "module.recipeGeneration",
      "mode": "data",
      "type": "aws_caller_identity",
      "name": "current",
      "provider": "provider[\"registry.terraform.io/hashicorp/aws\"]",
      "instances": [
        {
          "schema_version": 0,
          "attributes": {
            "account_id": "039725305879",
            "arn": "arn:aws:iam::039725305879:root",
            "id": "039725305879",
            "user_id": "039725305879"
          },
          "sensitive_attributes": []
        }
      ]
    },
    {
      "module": "module.recipeGeneration",
      "mode": "data",
      "type": "aws_region",
      "name": "current",
      "provider": "provider[\"registry.terraform.io/hashicorp/aws\"]",
      "instances": [
        {
          "schema_version": 0,
          "attributes": {
            "description": "Asia Pacific (Tokyo)",
            "endpoint": "ec2.ap-northeast-1.amazonaws.com",
            "id": "ap-northeast-1",
            "name": "ap-northeast-1"
          },
          "sensitive_attributes": []
        }
      ]
    },
    {
      "module": "module.recipeGeneration",
      "mode": "managed",
      "type": "aws_apigatewayv2_api",
      "name": "recipe_generate_api",
      "provider": "provider[\"registry.terraform.io/hashicorp/aws\"]",
      "instances": [
        {
          "schema_version": 0,
          "attributes": {
            "api_endpoint": "https://t1gckdmqi1.execute-api.ap-northeast-1.amazonaws.com",
            "api_key_selection_expression": "$request.header.x-api-key",
            "arn": "arn:aws:apigateway:ap-northeast-1::/apis/t1gckdmqi1",
            "body": null,
            "cors_configuration": [
              {
                "allow_credentials": false,
                "allow_headers": [
                  "content-type"
                ],
                "allow_methods": [
                  "POST"
                ],
                "allow_origins": [
                  "*"
                ],
                "expose_headers": [],
                "max_age": 3600
              }
            ],
            "credentials_arn": null,
            "description": "",
            "disable_execute_api_endpoint": false,
            "execution_arn": "arn:aws:execute-api:ap-northeast-1:039725305879:t1gckdmqi1",
            "fail_on_warnings": null,
            "id": "t1gckdmqi1",
            "name": "recipe-generate-api",
            "protocol_type": "HTTP",
            "route_key": null,
            "route_selection_expression": "$request.method $request.path",
            "tags": {},
            "tags_all": {},
            "target": null,
            "version": ""
          },
          "sensitive_attributes": [],
          "private": "bnVsbA=="
        }
      ]
    },
    {
      "module": "module.recipeGeneration",
      "mode": "managed",
      "type": "aws_apigatewayv2_integration",
      "name": "lambda_integration",
      "provider": "provider[\"registry.terraform.io/hashicorp/aws\"]",
      "instances": [
        {
          "schema_version": 0,
          "attributes": {
            "api_id": "t1gckdmqi1",
            "connection_id": "",
            "connection_type": "INTERNET",
            "content_handling_strategy": "",
            "credentials_arn": "",
            "description": "",
            "id": "4qriy7u",
            "integration_method": "POST",
            "integration_response_selection_expression": "",
            "integration_subtype": "",
            "integration_type": "AWS_PROXY",
            "integration_uri": "arn:aws:apigateway:ap-northeast-1:lambda:path/2015-03-31/functions/arn:aws:lambda:ap-northeast-1:039725305879:function:recipe_generate/invocations",
            "passthrough_behavior": "",
            "payload_format_version": "2.0",
            "request_parameters": {},
            "request_templates": {},
            "response_parameters": [],
            "template_selection_expression": "",
            "timeout_milliseconds": 30000,
            "tls_config": []
          },
          "sensitive_attributes": [],
          "private": "bnVsbA==",
          "dependencies": [
            "module.recipeGeneration.aws_apigatewayv2_api.recipe_generate_api",
            "module.recipeGeneration.aws_iam_role.lambda_role",
            "module.recipeGeneration.aws_lambda_function.recipe_generate_function",
            "module.recipeGeneration.aws_s3_bucket.lambda_bucket",
            "module.recipeGeneration.aws_s3_object.lambda_zip"
          ]
        }
      ]
    },
    {
      "module": "module.recipeGeneration",
      "mode": "managed",
      "type": "aws_apigatewayv2_route",
      "name": "post_route",
      "provider": "provider[\"registry.terraform.io/hashicorp/aws\"]",
      "instances": [
        {
          "schema_version": 0,
          "attributes": {
            "api_id": "t1gckdmqi1",
            "api_key_required": false,
            "authorization_scopes": [],
            "authorization_type": "NONE",
            "authorizer_id": "",
            "id": "y57cd5f",
            "model_selection_expression": "",
            "operation_name": "",
            "request_models": {},
            "request_parameter": [],
            "route_key": "POST /generate-recipe",
            "route_response_selection_expression": "",
            "target": "integrations/4qriy7u"
          },
          "sensitive_attributes": [],
          "private": "bnVsbA==",
          "dependencies": [
            "module.recipeGeneration.aws_apigatewayv2_api.recipe_generate_api",
            "module.recipeGeneration.aws_apigatewayv2_integration.lambda_integration",
            "module.recipeGeneration.aws_iam_role.lambda_role",
            "module.recipeGeneration.aws_lambda_function.recipe_generate_function",
            "module.recipeGeneration.aws_s3_bucket.lambda_bucket",
            "module.recipeGeneration.aws_s3_object.lambda_zip"
          ]
        }
      ]
    },
    {
      "module": "module.recipeGeneration",
      "mode": "managed",
      "type": "aws_apigatewayv2_stage",
      "name": "api_stage",
      "provider": "provider[\"registry.terraform.io/hashicorp/aws\"]",
      "instances": [
        {
          "schema_version": 0,
          "attributes": {
            "access_log_settings": [],
            "api_id": "t1gckdmqi1",
            "arn": "arn:aws:apigateway:ap-northeast-1::/apis/t1gckdmqi1/stages/$default",
            "auto_deploy": true,
            "client_certificate_id": "",
            "default_route_settings": [
              {
                "data_trace_enabled": false,
                "detailed_metrics_enabled": false,
                "logging_level": "",
                "throttling_burst_limit": 0,
                "throttling_rate_limit": 0
              }
            ],
            "deployment_id": "0akccx",
            "description": "",
            "execution_arn": "arn:aws:execute-api:ap-northeast-1:039725305879:t1gckdmqi1/$default",
            "id": "$default",
            "invoke_url": "https://t1gckdmqi1.execute-api.ap-northeast-1.amazonaws.com/",
            "name": "$default",
            "route_settings": [],
            "stage_variables": {},
            "tags": {},
            "tags_all": {}
          },
          "sensitive_attributes": [],
          "private": "bnVsbA==",
          "dependencies": [
            "module.recipeGeneration.aws_apigatewayv2_api.recipe_generate_api"
          ]
        }
      ]
    },
    {
      "module": "module.recipeGeneration",
      "mode": "managed",
      "type": "aws_iam_role",
      "name": "lambda_role",
      "provider": "provider[\"registry.terraform.io/hashicorp/aws\"]",
      "instances": [
        {
          "schema_version": 0,
          "attributes": {
            "arn": "arn:aws:iam::039725305879:role/lambda-role",
            "assume_role_policy": "{\"Statement\":[{\"Action\":\"sts:AssumeRole\",\"Effect\":\"Allow\",\"Principal\":{\"Service\":\"lambda.amazonaws.com\"}}],\"Version\":\"2012-10-17\"}",
            "create_date": "2024-09-23T09:46:19Z",
            "description": "",
            "force_detach_policies": false,
            "id": "lambda-role",
            "inline_policy": [
              {
                "name": "terraform-20240923094616318900000001",
                "policy": "{\"Version\":\"2012-10-17\",\"Statement\":[{\"Action\":\"logs:CreateLogGroup\",\"Effect\":\"Allow\",\"Resource\":\"arn:aws:logs:ap-northeast-1:039725305879:*\"},{\"Action\":[\"logs:CreateLogStream\",\"logs:PutLogEvents\"],\"Effect\":\"Allow\",\"Resource\":\"arn:aws:logs:ap-northeast-1:039725305879:log-group:/aws/lambda/recipe_generate:*\"},{\"Action\":[\"s3:PutObject\",\"s3:AbortMultipartUpload\",\"s3:ListMultipartUploadParts\"],\"Effect\":\"Allow\",\"Resource\":\"arn:aws:s3:::lambda-zip/*\"}]}"
              }
            ],
            "managed_policy_arns": [],
            "max_session_duration": 3600,
            "name": "lambda-role",
            "name_prefix": "",
            "path": "/",
            "permissions_boundary": "",
            "tags": {},
            "tags_all": {},
            "unique_id": "AROAQSP6QCAL6ILXNFZ65"
          },
          "sensitive_attributes": [],
          "private": "bnVsbA=="
        }
      ]
    },
    {
      "module": "module.recipeGeneration",
      "mode": "managed",
      "type": "aws_iam_role_policy",
      "name": "lambda_role_policy",
      "provider": "provider[\"registry.terraform.io/hashicorp/aws\"]",
      "instances": [
        {
          "schema_version": 0,
          "attributes": {
            "id": "lambda-role:terraform-20240923094616318900000001",
            "name": "terraform-20240923094616318900000001",
            "name_prefix": "terraform-",
            "policy": "{\"Version\":\"2012-10-17\",\"Statement\":[{\"Action\":\"logs:CreateLogGroup\",\"Effect\":\"Allow\",\"Resource\":\"arn:aws:logs:ap-northeast-1:039725305879:*\"},{\"Action\":[\"logs:CreateLogStream\",\"logs:PutLogEvents\"],\"Effect\":\"Allow\",\"Resource\":\"arn:aws:logs:ap-northeast-1:039725305879:log-group:/aws/lambda/recipe_generate:*\"},{\"Action\":[\"s3:PutObject\",\"s3:AbortMultipartUpload\",\"s3:ListMultipartUploadParts\"],\"Effect\":\"Allow\",\"Resource\":\"arn:aws:s3:::lambda-zip/*\"}]}",
            "role": "lambda-role"
          },
          "sensitive_attributes": [],
          "private": "bnVsbA==",
          "dependencies": [
            "module.recipeGeneration.aws_iam_role.lambda_role",
            "module.recipeGeneration.data.aws_caller_identity.current",
            "module.recipeGeneration.data.aws_region.current"
          ]
        }
      ]
    },
    {
      "module": "module.recipeGeneration",
      "mode": "managed",
      "type": "aws_lambda_function",
      "name": "recipe_generate_function",
      "provider": "provider[\"registry.terraform.io/hashicorp/aws\"]",
      "instances": [
        {
          "schema_version": 0,
          "attributes": {
            "architectures": [
              "arm64"
            ],
            "arn": "arn:aws:lambda:ap-northeast-1:039725305879:function:recipe_generate",
            "code_sha256": "yA9chfX/HcCnCGlzHJypfCcTFQxiK1Bpi+sVjaO94Ts=",
            "code_signing_config_arn": "",
            "dead_letter_config": [],
            "description": "",
            "environment": [
              {
                "variables": {
                  "OPENAI_API_KEY": "sk-proj-xMOUvQHg1HcwnP9OZKJUT3BlbkFJqXbDGM2Gdr23UwDlqQK0"
                }
              }
            ],
            "ephemeral_storage": [
              {
                "size": 512
              }
            ],
            "file_system_config": [],
            "filename": null,
            "function_name": "recipe_generate",
            "handler": "recipe_generate.lambda_handler",
            "id": "recipe_generate",
            "image_config": [],
            "image_uri": "",
            "invoke_arn": "arn:aws:apigateway:ap-northeast-1:lambda:path/2015-03-31/functions/arn:aws:lambda:ap-northeast-1:039725305879:function:recipe_generate/invocations",
            "kms_key_arn": "",
            "last_modified": "2024-09-23T09:46:26.838+0000",
            "layers": [],
            "logging_config": [
              {
                "application_log_level": "",
                "log_format": "Text",
                "log_group": "/aws/lambda/recipe_generate",
                "system_log_level": ""
              }
            ],
            "memory_size": 128,
            "package_type": "Zip",
            "publish": false,
            "qualified_arn": "arn:aws:lambda:ap-northeast-1:039725305879:function:recipe_generate:$LATEST",
            "qualified_invoke_arn": "arn:aws:apigateway:ap-northeast-1:lambda:path/2015-03-31/functions/arn:aws:lambda:ap-northeast-1:039725305879:function:recipe_generate:$LATEST/invocations",
            "replace_security_groups_on_destroy": null,
            "replacement_security_group_ids": null,
            "reserved_concurrent_executions": -1,
            "role": "arn:aws:iam::039725305879:role/lambda-role",
            "runtime": "python3.12",
            "s3_bucket": "lambda-zip-food-app-dev",
            "s3_key": "mypackage.zip",
            "s3_object_version": null,
            "signing_job_arn": "",
            "signing_profile_version_arn": "",
            "skip_destroy": false,
            "snap_start": [],
            "source_code_hash": "",
            "source_code_size": 52079675,
            "tags": {},
            "tags_all": {},
            "timeout": 60,
            "timeouts": null,
            "tracing_config": [
              {
                "mode": "PassThrough"
              }
            ],
            "version": "$LATEST",
            "vpc_config": []
          },
          "sensitive_attributes": [],
          "private": "eyJlMmJmYjczMC1lY2FhLTExZTYtOGY4OC0zNDM2M2JjN2M0YzAiOnsiY3JlYXRlIjo2MDAwMDAwMDAwMDAsImRlbGV0ZSI6NjAwMDAwMDAwMDAwLCJ1cGRhdGUiOjYwMDAwMDAwMDAwMH19",
          "dependencies": [
            "module.recipeGeneration.aws_iam_role.lambda_role",
            "module.recipeGeneration.aws_s3_bucket.lambda_bucket",
            "module.recipeGeneration.aws_s3_object.lambda_zip"
          ]
        }
      ]
    },
    {
      "module": "module.recipeGeneration",
      "mode": "managed",
      "type": "aws_lambda_permission",
      "name": "api_gateway_invoke_permission",
      "provider": "provider[\"registry.terraform.io/hashicorp/aws\"]",
      "instances": [
        {
          "schema_version": 0,
          "attributes": {
            "action": "lambda:InvokeFunction",
            "event_source_token": null,
            "function_name": "recipe_generate",
            "function_url_auth_type": null,
            "id": "AllowApiGatewayInvoke",
            "principal": "apigateway.amazonaws.com",
            "principal_org_id": null,
            "qualifier": "",
            "source_account": null,
            "source_arn": "arn:aws:execute-api:ap-northeast-1:039725305879:t1gckdmqi1/*/*/generate-recipe",
            "statement_id": "AllowApiGatewayInvoke",
            "statement_id_prefix": ""
          },
          "sensitive_attributes": [],
          "private": "bnVsbA==",
          "dependencies": [
            "module.recipeGeneration.aws_apigatewayv2_api.recipe_generate_api",
            "module.recipeGeneration.aws_iam_role.lambda_role",
            "module.recipeGeneration.aws_lambda_function.recipe_generate_function",
            "module.recipeGeneration.aws_s3_bucket.lambda_bucket",
            "module.recipeGeneration.aws_s3_object.lambda_zip"
          ]
        }
      ]
    },
    {
      "module": "module.recipeGeneration",
      "mode": "managed",
      "type": "aws_s3_bucket",
      "name": "lambda_bucket",
      "provider": "provider[\"registry.terraform.io/hashicorp/aws\"]",
      "instances": [
        {
          "schema_version": 0,
          "attributes": {
            "acceleration_status": "",
            "acl": null,
            "arn": "arn:aws:s3:::lambda-zip-food-app-dev",
            "bucket": "lambda-zip-food-app-dev",
            "bucket_domain_name": "lambda-zip-food-app-dev.s3.amazonaws.com",
            "bucket_prefix": "",
            "bucket_regional_domain_name": "lambda-zip-food-app-dev.s3.ap-northeast-1.amazonaws.com",
            "cors_rule": [],
            "force_destroy": false,
            "grant": [
              {
                "id": "d9634f8ed88c8c0090f4d817d4f8585d75e3be0b02cf0011e77387811aabc513",
                "permissions": [
                  "FULL_CONTROL"
                ],
                "type": "CanonicalUser",
                "uri": ""
              }
            ],
            "hosted_zone_id": "Z2M4EHUR26P7ZW",
            "id": "lambda-zip-food-app-dev",
            "lifecycle_rule": [],
            "logging": [],
            "object_lock_configuration": [],
            "object_lock_enabled": false,
            "policy": "",
            "region": "ap-northeast-1",
            "replication_configuration": [],
            "request_payer": "BucketOwner",
            "server_side_encryption_configuration": [
              {
                "rule": [
                  {
                    "apply_server_side_encryption_by_default": [
                      {
                        "kms_master_key_id": "",
                        "sse_algorithm": "AES256"
                      }
                    ],
                    "bucket_key_enabled": false
                  }
                ]
              }
            ],
            "tags": {},
            "tags_all": {},
            "timeouts": null,
            "versioning": [
              {
                "enabled": false,
                "mfa_delete": false
              }
            ],
            "website": [],
            "website_domain": null,
            "website_endpoint": null
          },
          "sensitive_attributes": [],
          "private": "eyJlMmJmYjczMC1lY2FhLTExZTYtOGY4OC0zNDM2M2JjN2M0YzAiOnsiY3JlYXRlIjoxMjAwMDAwMDAwMDAwLCJkZWxldGUiOjM2MDAwMDAwMDAwMDAsInJlYWQiOjEyMDAwMDAwMDAwMDAsInVwZGF0ZSI6MTIwMDAwMDAwMDAwMH19"
        }
      ]
    },
    {
      "module": "module.recipeGeneration",
      "mode": "managed",
      "type": "aws_s3_object",
      "name": "lambda_zip",
      "provider": "provider[\"registry.terraform.io/hashicorp/aws\"]",
      "instances": [
        {
          "schema_version": 0,
          "attributes": {
            "acl": null,
            "arn": "arn:aws:s3:::lambda-zip-food-app-dev/mypackage.zip",
            "bucket": "lambda-zip-food-app-dev",
            "bucket_key_enabled": false,
            "cache_control": "",
            "checksum_algorithm": null,
            "checksum_crc32": "",
            "checksum_crc32c": "",
            "checksum_sha1": "",
            "checksum_sha256": "",
            "content": null,
            "content_base64": null,
            "content_disposition": "",
            "content_encoding": "",
            "content_language": "",
            "content_type": "binary/octet-stream",
            "etag": "805fc054c9cfb157044fb731808d714b-10",
            "force_destroy": false,
            "id": "mypackage.zip",
            "key": "mypackage.zip",
            "kms_key_id": null,
            "metadata": {},
            "object_lock_legal_hold_status": "",
            "object_lock_mode": "",
            "object_lock_retain_until_date": "",
            "override_provider": [],
            "server_side_encryption": "AES256",
            "source": "../../lambda/mypackage.zip",
            "source_hash": null,
            "storage_class": "STANDARD",
            "tags": {},
            "tags_all": {},
            "version_id": "",
            "website_redirect": ""
          },
          "sensitive_attributes": [],
          "private": "bnVsbA==",
          "dependencies": [
            "module.recipeGeneration.aws_s3_bucket.lambda_bucket"
          ]
        }
      ]
    },
    {
      "module": "module.recipeGeneration",
      "mode": "managed",
      "type": "aws_ssm_parameter",
      "name": "api_url_parameter",
      "provider": "provider[\"registry.terraform.io/hashicorp/aws\"]",
      "instances": [
        {
          "schema_version": 0,
          "attributes": {
            "allowed_pattern": "",
            "arn": "arn:aws:ssm:ap-northeast-1:039725305879:parameter/recipe-generate/api-url",
            "data_type": "text",
            "description": "",
            "id": "/recipe-generate/api-url",
            "insecure_value": null,
            "key_id": "alias/aws/ssm",
            "name": "/recipe-generate/api-url",
            "overwrite": null,
            "tags": {},
            "tags_all": {},
            "tier": "Standard",
            "type": "SecureString",
            "value": "https://t1gckdmqi1.execute-api.ap-northeast-1.amazonaws.com/prod/generate-recipe",
            "version": 1
          },
          "sensitive_attributes": [
            [
              {
                "type": "get_attr",
                "value": "value"
              }
            ]
          ],
          "private": "bnVsbA==",
          "dependencies": [
            "module.recipeGeneration.aws_apigatewayv2_api.recipe_generate_api"
          ]
        }
      ]
    }
  ],
  "check_results": null
}
