{
  "version": 4,
  "terraform_version": "1.9.5",
  "serial": 5,
  "lineage": "5d003a2b-2c86-4de4-a811-486e611fc2af",
  "outputs": {},
  "resources": [
    {
      "mode": "managed",
      "type": "aws_vpc",
      "name": "vpc",
      "provider": "provider[\"registry.terraform.io/hashicorp/aws\"]",
      "instances": [
        {
          "schema_version": 1,
          "attributes": {
            "arn": "arn:aws:ec2:ap-northeast-1:039725305879:vpc/vpc-0dbde85218207dd46",
            "assign_generated_ipv6_cidr_block": false,
            "cidr_block": "192.168.0.0/20",
            "default_network_acl_id": "acl-0c7806b7e5c169913",
            "default_route_table_id": "rtb-01785cdc551e6824c",
            "default_security_group_id": "sg-0c157588eaa855974",
            "dhcp_options_id": "dopt-056a5a4431e51c90d",
            "enable_dns_hostnames": true,
            "enable_dns_support": true,
            "enable_network_address_usage_metrics": false,
            "id": "vpc-0dbde85218207dd46",
            "instance_tenancy": "default",
            "ipv4_ipam_pool_id": null,
            "ipv4_netmask_length": null,
            "ipv6_association_id": "",
            "ipv6_cidr_block": "",
            "ipv6_cidr_block_network_border_group": "",
            "ipv6_ipam_pool_id": "",
            "ipv6_netmask_length": 0,
            "main_route_table_id": "rtb-01785cdc551e6824c",
            "owner_id": "039725305879",
            "tags": {
              "Env": "dev",
              "Name": "tastylog-dev-vpc",
              "Project": "tastylog"
            },
            "tags_all": {
              "Env": "dev",
              "Name": "tastylog-dev-vpc",
              "Project": "tastylog"
            }
          },
          "sensitive_attributes": [],
          "private": "eyJzY2hlbWFfdmVyc2lvbiI6IjEifQ=="
        }
      ]
    }
  ],
  "check_results": null
}
